
Microsoft Visual Studio Solution File, Format Version 12.00
# Visual Studio Version 17
VisualStudioVersion = 17.7.34031.279
MinimumVisualStudioVersion = 10.0.40219.1
Project("{FAE04EC0-301F-11D3-BF4B-00C04F79EFBC}") = "TP_20452", "TP_20452\TP_20452.csproj", "{DF807169-5FBF-40FB-9D6B-31B4CED91C87}"
EndProject
Project("{2150E333-8FDC-42A3-9474-1A3956D46DE8}") = "DLL_BO_Dados", "DLL_BO_Dados", "{D49FD2B9-4225-4674-BC14-8E7F031C5EA9}"
EndProject
Project("{FAE04EC0-301F-11D3-BF4B-00C04F79EFBC}") = "BO", "DLL_BO_Dados\BO\BO.csproj", "{5700B298-41E5-4549-B04A-4D23F4A5863F}"
EndProject
Project("{FAE04EC0-301F-11D3-BF4B-00C04F79EFBC}") = "Dados", "DLL_BO_Dados\Dados\Dados.csproj", "{3FF2F9D9-8BEF-47F5-B933-E456A980B5C2}"
EndProject
Project("{2150E333-8FDC-42A3-9474-1A3956D46DE8}") = "DLL_RN", "DLL_RN", "{6E618BDD-E68A-4EAE-A100-44219C4C452C}"
EndProject
Project("{FAE04EC0-301F-11D3-BF4B-00C04F79EFBC}") = "RegrasNegocio", "DLL_RN\RegrasNegocio\RegrasNegocio.csproj", "{2E516880-2D9B-48DD-9239-9BDBB9154FF4}"
EndProject
Project("{2150E333-8FDC-42A3-9474-1A3956D46DE8}") = "DLL_INT", "DLL_INT", "{1C4A1572-8E70-4500-8357-246F765C5CFF}"
EndProject
Project("{FAE04EC0-301F-11D3-BF4B-00C04F79EFBC}") = "Interfaces", "DLL_INT\Interfaces\Interfaces.csproj", "{A3333575-5207-4666-B1B7-7DBD33A08008}"
EndProject
Global
	GlobalSection(SolutionConfigurationPlatforms) = preSolution
		Debug|Any CPU = Debug|Any CPU
		Release|Any CPU = Release|Any CPU
	EndGlobalSection
	GlobalSection(ProjectConfigurationPlatforms) = postSolution
		{DF807169-5FBF-40FB-9D6B-31B4CED91C87}.Debug|Any CPU.ActiveCfg = Debug|Any CPU
		{DF807169-5FBF-40FB-9D6B-31B4CED91C87}.Debug|Any CPU.Build.0 = Debug|Any CPU
		{DF807169-5FBF-40FB-9D6B-31B4CED91C87}.Release|Any CPU.ActiveCfg = Release|Any CPU
		{DF807169-5FBF-40FB-9D6B-31B4CED91C87}.Release|Any CPU.Build.0 = Release|Any CPU
		{5700B298-41E5-4549-B04A-4D23F4A5863F}.Debug|Any CPU.ActiveCfg = Debug|Any CPU
		{5700B298-41E5-4549-B04A-4D23F4A5863F}.Debug|Any CPU.Build.0 = Debug|Any CPU
		{5700B298-41E5-4549-B04A-4D23F4A5863F}.Release|Any CPU.ActiveCfg = Release|Any CPU
		{5700B298-41E5-4549-B04A-4D23F4A5863F}.Release|Any CPU.Build.0 = Release|Any CPU
		{3FF2F9D9-8BEF-47F5-B933-E456A980B5C2}.Debug|Any CPU.ActiveCfg = Debug|Any CPU
		{3FF2F9D9-8BEF-47F5-B933-E456A980B5C2}.Debug|Any CPU.Build.0 = Debug|Any CPU
		{3FF2F9D9-8BEF-47F5-B933-E456A980B5C2}.Release|Any CPU.ActiveCfg = Release|Any CPU
		{3FF2F9D9-8BEF-47F5-B933-E456A980B5C2}.Release|Any CPU.Build.0 = Release|Any CPU
		{2E516880-2D9B-48DD-9239-9BDBB9154FF4}.Debug|Any CPU.ActiveCfg = Debug|Any CPU
		{2E516880-2D9B-48DD-9239-9BDBB9154FF4}.Debug|Any CPU.Build.0 = Debug|Any CPU
		{2E516880-2D9B-48DD-9239-9BDBB9154FF4}.Release|Any CPU.ActiveCfg = Release|Any CPU
		{2E516880-2D9B-48DD-9239-9BDBB9154FF4}.Release|Any CPU.Build.0 = Release|Any CPU
		{A3333575-5207-4666-B1B7-7DBD33A08008}.Debug|Any CPU.ActiveCfg = Debug|Any CPU
		{A3333575-5207-4666-B1B7-7DBD33A08008}.Debug|Any CPU.Build.0 = Debug|Any CPU
		{A3333575-5207-4666-B1B7-7DBD33A08008}.Release|Any CPU.ActiveCfg = Release|Any CPU
		{A3333575-5207-4666-B1B7-7DBD33A08008}.Release|Any CPU.Build.0 = Release|Any CPU
	EndGlobalSection
	GlobalSection(SolutionProperties) = preSolution
		HideSolutionNode = FALSE
	EndGlobalSection
	GlobalSection(NestedProjects) = preSolution
		{5700B298-41E5-4549-B04A-4D23F4A5863F} = {D49FD2B9-4225-4674-BC14-8E7F031C5EA9}
		{3FF2F9D9-8BEF-47F5-B933-E456A980B5C2} = {D49FD2B9-4225-4674-BC14-8E7F031C5EA9}
		{2E516880-2D9B-48DD-9239-9BDBB9154FF4} = {6E618BDD-E68A-4EAE-A100-44219C4C452C}
		{A3333575-5207-4666-B1B7-7DBD33A08008} = {1C4A1572-8E70-4500-8357-246F765C5CFF}
	EndGlobalSection
	GlobalSection(ExtensibilityGlobals) = postSolution
		SolutionGuid = {BC332457-2AC9-4620-9DEA-C56E3AF15370}
	EndGlobalSection
EndGlobal
